
Microsoft Visual Studio Solution File, Format Version 11.00
# Visual Studio 2010
Project("{FAE04EC0-301F-11D3-BF4B-00C04F79EFBC}") = "Zenject", "Zenject.csproj", "{44054a5a-e9dd-6ee6-60a4-a99515ca958e}"
EndProject
Project("{FAE04EC0-301F-11D3-BF4B-00C04F79EFBC}") = "Assembly-CSharp", "Assembly-CSharp.csproj", "{9e40b48b-6f94-8a6f-5296-65ef2fab652b}"
EndProject
Project("{FAE04EC0-301F-11D3-BF4B-00C04F79EFBC}") = "BestHTTP", "BestHTTP.csproj", "{d8e7336e-b30f-da7d-fd5a-bf82757993b9}"
EndProject
Project("{FAE04EC0-301F-11D3-BF4B-00C04F79EFBC}") = "UniRx", "UniRx.csproj", "{c2f55cb9-f462-8a84-06ad-28f8b3dca527}"
EndProject
Project("{FAE04EC0-301F-11D3-BF4B-00C04F79EFBC}") = "Zenject-IntegrationTests", "Zenject-IntegrationTests.csproj", "{19de4a4c-5524-4d4a-60c1-89e2f197b544}"
EndProject
Project("{FAE04EC0-301F-11D3-BF4B-00C04F79EFBC}") = "Zenject-IntegrationTests-Editor", "Zenject-IntegrationTests-Editor.csproj", "{57280715-8370-c500-4eb0-073c0004a7a1}"
EndProject
Project("{FAE04EC0-301F-11D3-BF4B-00C04F79EFBC}") = "Assembly-CSharp-firstpass", "Assembly-CSharp-firstpass.csproj", "{191d8523-e599-6c39-5819-4b3dc9182d8b}"
EndProject
Project("{FAE04EC0-301F-11D3-BF4B-00C04F79EFBC}") = "IngameDebugConsole.Runtime", "IngameDebugConsole.Runtime.csproj", "{26b08317-265e-fb83-0baf-00a57b6de0a8}"
EndProject
Project("{FAE04EC0-301F-11D3-BF4B-00C04F79EFBC}") = "Zenject-PoolMonitor-Editor", "Zenject-PoolMonitor-Editor.csproj", "{d0376efc-106a-bc3f-ec85-839e8b8c7a7d}"
EndProject
Project("{FAE04EC0-301F-11D3-BF4B-00C04F79EFBC}") = "Zenject-UnitTests-Editor", "Zenject-UnitTests-Editor.csproj", "{46988fb2-d2d9-98c9-5a92-d4a25e1f14f4}"
EndProject
Project("{FAE04EC0-301F-11D3-BF4B-00C04F79EFBC}") = "Assembly-CSharp-Editor", "Assembly-CSharp-Editor.csproj", "{e51cdd73-e189-0a76-641f-4330b7efd04c}"
EndProject
Project("{FAE04EC0-301F-11D3-BF4B-00C04F79EFBC}") = "Zenject-TestFramework", "Zenject-TestFramework.csproj", "{c5c3f216-15fc-8bee-93ff-2c23a519955b}"
EndProject
Project("{FAE04EC0-301F-11D3-BF4B-00C04F79EFBC}") = "IngameDebugConsole.Editor", "IngameDebugConsole.Editor.csproj", "{8bf52602-5f51-ac59-6e11-af72f4b5e0e9}"
EndProject
Project("{FAE04EC0-301F-11D3-BF4B-00C04F79EFBC}") = "JetBrains.Frontend.2021.2", "JetBrains.Frontend.2021.2.csproj", "{dd4d82f8-17bf-a450-0071-5bd4c82d360b}"
EndProject
Project("{FAE04EC0-301F-11D3-BF4B-00C04F79EFBC}") = "Zenject-ReflectionBaking-Editor", "Zenject-ReflectionBaking-Editor.csproj", "{74d50c33-ae83-f141-18f3-e56728d861bf}"
EndProject
Project("{FAE04EC0-301F-11D3-BF4B-00C04F79EFBC}") = "Zenject-Editor", "Zenject-Editor.csproj", "{d14a0ec0-7235-d77f-5d14-4a683b5c7df2}"
EndProject
Project("{FAE04EC0-301F-11D3-BF4B-00C04F79EFBC}") = "Assembly-CSharp-Editor-firstpass", "Assembly-CSharp-Editor-firstpass.csproj", "{f5c2067f-7e4a-1388-794c-15bb68f4869c}"
EndProject
Project("{FAE04EC0-301F-11D3-BF4B-00C04F79EFBC}") = "JetBrains.Frontend.2019.4", "JetBrains.Frontend.2019.4.csproj", "{5f4a0df3-1fab-9d4b-5abc-cf8a998295f2}"
EndProject
Project("{FAE04EC0-301F-11D3-BF4B-00C04F79EFBC}") = "JetBrains.Frontend.2020.2", "JetBrains.Frontend.2020.2.csproj", "{01820354-19a6-2029-1e3e-0e67dd2f5496}"
EndProject
Global
	GlobalSection(SolutionConfigurationPlatforms) = preSolution
		Debug|Any CPU = Debug|Any CPU
	EndGlobalSection
	GlobalSection(ProjectConfigurationPlatforms) = postSolution
		{44054a5a-e9dd-6ee6-60a4-a99515ca958e}.Debug|Any CPU.ActiveCfg = Debug|Any CPU
		{44054a5a-e9dd-6ee6-60a4-a99515ca958e}.Debug|Any CPU.Build.0 = Debug|Any CPU
		{9e40b48b-6f94-8a6f-5296-65ef2fab652b}.Debug|Any CPU.ActiveCfg = Debug|Any CPU
		{9e40b48b-6f94-8a6f-5296-65ef2fab652b}.Debug|Any CPU.Build.0 = Debug|Any CPU
		{d8e7336e-b30f-da7d-fd5a-bf82757993b9}.Debug|Any CPU.ActiveCfg = Debug|Any CPU
		{d8e7336e-b30f-da7d-fd5a-bf82757993b9}.Debug|Any CPU.Build.0 = Debug|Any CPU
		{c2f55cb9-f462-8a84-06ad-28f8b3dca527}.Debug|Any CPU.ActiveCfg = Debug|Any CPU
		{c2f55cb9-f462-8a84-06ad-28f8b3dca527}.Debug|Any CPU.Build.0 = Debug|Any CPU
		{19de4a4c-5524-4d4a-60c1-89e2f197b544}.Debug|Any CPU.ActiveCfg = Debug|Any CPU
		{19de4a4c-5524-4d4a-60c1-89e2f197b544}.Debug|Any CPU.Build.0 = Debug|Any CPU
		{57280715-8370-c500-4eb0-073c0004a7a1}.Debug|Any CPU.ActiveCfg = Debug|Any CPU
		{57280715-8370-c500-4eb0-073c0004a7a1}.Debug|Any CPU.Build.0 = Debug|Any CPU
		{191d8523-e599-6c39-5819-4b3dc9182d8b}.Debug|Any CPU.ActiveCfg = Debug|Any CPU
		{191d8523-e599-6c39-5819-4b3dc9182d8b}.Debug|Any CPU.Build.0 = Debug|Any CPU
		{26b08317-265e-fb83-0baf-00a57b6de0a8}.Debug|Any CPU.ActiveCfg = Debug|Any CPU
		{26b08317-265e-fb83-0baf-00a57b6de0a8}.Debug|Any CPU.Build.0 = Debug|Any CPU
		{d0376efc-106a-bc3f-ec85-839e8b8c7a7d}.Debug|Any CPU.ActiveCfg = Debug|Any CPU
		{d0376efc-106a-bc3f-ec85-839e8b8c7a7d}.Debug|Any CPU.Build.0 = Debug|Any CPU
		{46988fb2-d2d9-98c9-5a92-d4a25e1f14f4}.Debug|Any CPU.ActiveCfg = Debug|Any CPU
		{46988fb2-d2d9-98c9-5a92-d4a25e1f14f4}.Debug|Any CPU.Build.0 = Debug|Any CPU
		{e51cdd73-e189-0a76-641f-4330b7efd04c}.Debug|Any CPU.ActiveCfg = Debug|Any CPU
		{e51cdd73-e189-0a76-641f-4330b7efd04c}.Debug|Any CPU.Build.0 = Debug|Any CPU
		{c5c3f216-15fc-8bee-93ff-2c23a519955b}.Debug|Any CPU.ActiveCfg = Debug|Any CPU
		{c5c3f216-15fc-8bee-93ff-2c23a519955b}.Debug|Any CPU.Build.0 = Debug|Any CPU
		{8bf52602-5f51-ac59-6e11-af72f4b5e0e9}.Debug|Any CPU.ActiveCfg = Debug|Any CPU
		{8bf52602-5f51-ac59-6e11-af72f4b5e0e9}.Debug|Any CPU.Build.0 = Debug|Any CPU
		{dd4d82f8-17bf-a450-0071-5bd4c82d360b}.Debug|Any CPU.ActiveCfg = Debug|Any CPU
		{dd4d82f8-17bf-a450-0071-5bd4c82d360b}.Debug|Any CPU.Build.0 = Debug|Any CPU
		{74d50c33-ae83-f141-18f3-e56728d861bf}.Debug|Any CPU.ActiveCfg = Debug|Any CPU
		{74d50c33-ae83-f141-18f3-e56728d861bf}.Debug|Any CPU.Build.0 = Debug|Any CPU
		{d14a0ec0-7235-d77f-5d14-4a683b5c7df2}.Debug|Any CPU.ActiveCfg = Debug|Any CPU
		{d14a0ec0-7235-d77f-5d14-4a683b5c7df2}.Debug|Any CPU.Build.0 = Debug|Any CPU
		{f5c2067f-7e4a-1388-794c-15bb68f4869c}.Debug|Any CPU.ActiveCfg = Debug|Any CPU
		{f5c2067f-7e4a-1388-794c-15bb68f4869c}.Debug|Any CPU.Build.0 = Debug|Any CPU
		{5f4a0df3-1fab-9d4b-5abc-cf8a998295f2}.Debug|Any CPU.ActiveCfg = Debug|Any CPU
		{5f4a0df3-1fab-9d4b-5abc-cf8a998295f2}.Debug|Any CPU.Build.0 = Debug|Any CPU
		{01820354-19a6-2029-1e3e-0e67dd2f5496}.Debug|Any CPU.ActiveCfg = Debug|Any CPU
		{01820354-19a6-2029-1e3e-0e67dd2f5496}.Debug|Any CPU.Build.0 = Debug|Any CPU
	EndGlobalSection
	GlobalSection(SolutionProperties) = preSolution
		HideSolutionNode = FALSE
	EndGlobalSection
EndGlobal
